// !$*UTF8*$!
{
	archiveVersion = 1;
	classes = {
	};
	objectVersion = 46;
	objects = {

/* Begin PBXBuildFile section */
		B884D3411DE0DEF50049A1FF /* AppDelegate.swift in Sources */ = {isa = PBXBuildFile; fileRef = B884D3401DE0DEF50049A1FF /* AppDelegate.swift */; };
		B884D3461DE0DEF50049A1FF /* Main.storyboard in Resources */ = {isa = PBXBuildFile; fileRef = B884D3441DE0DEF50049A1FF /* Main.storyboard */; };
		B884D3481DE0DEF50049A1FF /* Assets.xcassets in Resources */ = {isa = PBXBuildFile; fileRef = B884D3471DE0DEF50049A1FF /* Assets.xcassets */; };
		B884D34B1DE0DEF50049A1FF /* LaunchScreen.storyboard in Resources */ = {isa = PBXBuildFile; fileRef = B884D3491DE0DEF50049A1FF /* LaunchScreen.storyboard */; };
		B884D3561DE0DEF50049A1FF /* ETLHurtownieTests.swift in Sources */ = {isa = PBXBuildFile; fileRef = B884D3551DE0DEF50049A1FF /* ETLHurtownieTests.swift */; };
		B884D3611DE0DEF50049A1FF /* ETLHurtownieUITests.swift in Sources */ = {isa = PBXBuildFile; fileRef = B884D3601DE0DEF50049A1FF /* ETLHurtownieUITests.swift */; };
		B884D3701DE0E1610049A1FF /* Realm.framework in Frameworks */ = {isa = PBXBuildFile; fileRef = B884D36E1DE0E1610049A1FF /* Realm.framework */; };
		B884D3711DE0E1610049A1FF /* Realm.framework in Embed Frameworks */ = {isa = PBXBuildFile; fileRef = B884D36E1DE0E1610049A1FF /* Realm.framework */; settings = {ATTRIBUTES = (CodeSignOnCopy, RemoveHeadersOnCopy, ); }; };
		B884D3721DE0E1610049A1FF /* RealmSwift.framework in Frameworks */ = {isa = PBXBuildFile; fileRef = B884D36F1DE0E1610049A1FF /* RealmSwift.framework */; };
		B884D3731DE0E1610049A1FF /* RealmSwift.framework in Embed Frameworks */ = {isa = PBXBuildFile; fileRef = B884D36F1DE0E1610049A1FF /* RealmSwift.framework */; settings = {ATTRIBUTES = (CodeSignOnCopy, RemoveHeadersOnCopy, ); }; };
		B884D3761DE0EF970049A1FF /* MainViewController.swift in Sources */ = {isa = PBXBuildFile; fileRef = B884D3751DE0EF970049A1FF /* MainViewController.swift */; };
		B884D3781DE0F42D0049A1FF /* ReviewsViewController.swift in Sources */ = {isa = PBXBuildFile; fileRef = B884D3771DE0F42D0049A1FF /* ReviewsViewController.swift */; };
		FB458E175CB4AF224A48DAA8 /* Pods_ETLHurtownie.framework in Frameworks */ = {isa = PBXBuildFile; fileRef = 650E93E8DAF910AE73EE03E9 /* Pods_ETLHurtownie.framework */; };
/* End PBXBuildFile section */

/* Begin PBXContainerItemProxy section */
		B884D3521DE0DEF50049A1FF /* PBXContainerItemProxy */ = {
			isa = PBXContainerItemProxy;
			containerPortal = B884D3351DE0DEF40049A1FF /* Project object */;
			proxyType = 1;
			remoteGlobalIDString = B884D33C1DE0DEF50049A1FF;
			remoteInfo = ETLHurtownie;
		};
		B884D35D1DE0DEF50049A1FF /* PBXContainerItemProxy */ = {
			isa = PBXContainerItemProxy;
			containerPortal = B884D3351DE0DEF40049A1FF /* Project object */;
			proxyType = 1;
			remoteGlobalIDString = B884D33C1DE0DEF50049A1FF;
			remoteInfo = ETLHurtownie;
		};
/* End PBXContainerItemProxy section */

/* Begin PBXCopyFilesBuildPhase section */
		B884D3741DE0E1620049A1FF /* Embed Frameworks */ = {
			isa = PBXCopyFilesBuildPhase;
			buildActionMask = 2147483647;
			dstPath = "";
			dstSubfolderSpec = 10;
			files = (
				B884D3731DE0E1610049A1FF /* RealmSwift.framework in Embed Frameworks */,
				B884D3711DE0E1610049A1FF /* Realm.framework in Embed Frameworks */,
			);
			name = "Embed Frameworks";
			runOnlyForDeploymentPostprocessing = 0;
		};
/* End PBXCopyFilesBuildPhase section */

/* Begin PBXFileReference section */
		5AC038C7647CB62CE8A35547 /* Pods-ETLHurtownie.debug.xcconfig */ = {isa = PBXFileReference; includeInIndex = 1; lastKnownFileType = text.xcconfig; name = "Pods-ETLHurtownie.debug.xcconfig"; path = "Pods/Target Support Files/Pods-ETLHurtownie/Pods-ETLHurtownie.debug.xcconfig"; sourceTree = "<group>"; };
		650E93E8DAF910AE73EE03E9 /* Pods_ETLHurtownie.framework */ = {isa = PBXFileReference; explicitFileType = wrapper.framework; includeInIndex = 0; path = Pods_ETLHurtownie.framework; sourceTree = BUILT_PRODUCTS_DIR; };
		710B542492637FE3C1550719 /* Pods-ETLHurtownie.release.xcconfig */ = {isa = PBXFileReference; includeInIndex = 1; lastKnownFileType = text.xcconfig; name = "Pods-ETLHurtownie.release.xcconfig"; path = "Pods/Target Support Files/Pods-ETLHurtownie/Pods-ETLHurtownie.release.xcconfig"; sourceTree = "<group>"; };
		B884D33D1DE0DEF50049A1FF /* ETLHurtownie.app */ = {isa = PBXFileReference; explicitFileType = wrapper.application; includeInIndex = 0; path = ETLHurtownie.app; sourceTree = BUILT_PRODUCTS_DIR; };
		B884D3401DE0DEF50049A1FF /* AppDelegate.swift */ = {isa = PBXFileReference; lastKnownFileType = sourcecode.swift; path = AppDelegate.swift; sourceTree = "<group>"; };
		B884D3451DE0DEF50049A1FF /* Base */ = {isa = PBXFileReference; lastKnownFileType = file.storyboard; name = Base; path = Base.lproj/Main.storyboard; sourceTree = "<group>"; };
		B884D3471DE0DEF50049A1FF /* Assets.xcassets */ = {isa = PBXFileReference; lastKnownFileType = folder.assetcatalog; path = Assets.xcassets; sourceTree = "<group>"; };
		B884D34A1DE0DEF50049A1FF /* Base */ = {isa = PBXFileReference; lastKnownFileType = file.storyboard; name = Base; path = Base.lproj/LaunchScreen.storyboard; sourceTree = "<group>"; };
		B884D34C1DE0DEF50049A1FF /* Info.plist */ = {isa = PBXFileReference; lastKnownFileType = text.plist.xml; path = Info.plist; sourceTree = "<group>"; };
		B884D3511DE0DEF50049A1FF /* ETLHurtownieTests.xctest */ = {isa = PBXFileReference; explicitFileType = wrapper.cfbundle; includeInIndex = 0; path = ETLHurtownieTests.xctest; sourceTree = BUILT_PRODUCTS_DIR; };
		B884D3551DE0DEF50049A1FF /* ETLHurtownieTests.swift */ = {isa = PBXFileReference; lastKnownFileType = sourcecode.swift; path = ETLHurtownieTests.swift; sourceTree = "<group>"; };
		B884D3571DE0DEF50049A1FF /* Info.plist */ = {isa = PBXFileReference; lastKnownFileType = text.plist.xml; path = Info.plist; sourceTree = "<group>"; };
		B884D35C1DE0DEF50049A1FF /* ETLHurtownieUITests.xctest */ = {isa = PBXFileReference; explicitFileType = wrapper.cfbundle; includeInIndex = 0; path = ETLHurtownieUITests.xctest; sourceTree = BUILT_PRODUCTS_DIR; };
		B884D3601DE0DEF50049A1FF /* ETLHurtownieUITests.swift */ = {isa = PBXFileReference; lastKnownFileType = sourcecode.swift; path = ETLHurtownieUITests.swift; sourceTree = "<group>"; };
		B884D3621DE0DEF50049A1FF /* Info.plist */ = {isa = PBXFileReference; lastKnownFileType = text.plist.xml; path = Info.plist; sourceTree = "<group>"; };
		B884D36E1DE0E1610049A1FF /* Realm.framework */ = {isa = PBXFileReference; lastKnownFileType = wrapper.framework; path = Realm.framework; sourceTree = "<group>"; };
		B884D36F1DE0E1610049A1FF /* RealmSwift.framework */ = {isa = PBXFileReference; lastKnownFileType = wrapper.framework; path = RealmSwift.framework; sourceTree = "<group>"; };
		B884D3751DE0EF970049A1FF /* MainViewController.swift */ = {isa = PBXFileReference; fileEncoding = 4; lastKnownFileType = sourcecode.swift; path = MainViewController.swift; sourceTree = "<group>"; };
		B884D3771DE0F42D0049A1FF /* ReviewsViewController.swift */ = {isa = PBXFileReference; fileEncoding = 4; lastKnownFileType = sourcecode.swift; path = ReviewsViewController.swift; sourceTree = "<group>"; };
/* End PBXFileReference section */

/* Begin PBXFrameworksBuildPhase section */
		B884D33A1DE0DEF50049A1FF /* Frameworks */ = {
			isa = PBXFrameworksBuildPhase;
			buildActionMask = 2147483647;
			files = (
				B884D3721DE0E1610049A1FF /* RealmSwift.framework in Frameworks */,
				B884D3701DE0E1610049A1FF /* Realm.framework in Frameworks */,
				FB458E175CB4AF224A48DAA8 /* Pods_ETLHurtownie.framework in Frameworks */,
			);
			runOnlyForDeploymentPostprocessing = 0;
		};
		B884D34E1DE0DEF50049A1FF /* Frameworks */ = {
			isa = PBXFrameworksBuildPhase;
			buildActionMask = 2147483647;
			files = (
			);
			runOnlyForDeploymentPostprocessing = 0;
		};
		B884D3591DE0DEF50049A1FF /* Frameworks */ = {
			isa = PBXFrameworksBuildPhase;
			buildActionMask = 2147483647;
			files = (
			);
			runOnlyForDeploymentPostprocessing = 0;
		};
/* End PBXFrameworksBuildPhase section */

/* Begin PBXGroup section */
		B884D3341DE0DEF40049A1FF = {
			isa = PBXGroup;
			children = (
				B884D36E1DE0E1610049A1FF /* Realm.framework */,
				B884D36F1DE0E1610049A1FF /* RealmSwift.framework */,
				B884D33F1DE0DEF50049A1FF /* ETLHurtownie */,
				B884D3541DE0DEF50049A1FF /* ETLHurtownieTests */,
				B884D35F1DE0DEF50049A1FF /* ETLHurtownieUITests */,
				B884D33E1DE0DEF50049A1FF /* Products */,
				CDAF2D0CFC35DB95C22369A5 /* Pods */,
				E097720043A904955DFDE139 /* Frameworks */,
			);
			sourceTree = "<group>";
		};
		B884D33E1DE0DEF50049A1FF /* Products */ = {
			isa = PBXGroup;
			children = (
				B884D33D1DE0DEF50049A1FF /* ETLHurtownie.app */,
				B884D3511DE0DEF50049A1FF /* ETLHurtownieTests.xctest */,
				B884D35C1DE0DEF50049A1FF /* ETLHurtownieUITests.xctest */,
			);
			name = Products;
			sourceTree = "<group>";
		};
		B884D33F1DE0DEF50049A1FF /* ETLHurtownie */ = {
			isa = PBXGroup;
			children = (
				B884D3401DE0DEF50049A1FF /* AppDelegate.swift */,
				B884D3771DE0F42D0049A1FF /* ReviewsViewController.swift */,
				B884D3751DE0EF970049A1FF /* MainViewController.swift */,
				B884D3441DE0DEF50049A1FF /* Main.storyboard */,
				B884D3471DE0DEF50049A1FF /* Assets.xcassets */,
				B884D3491DE0DEF50049A1FF /* LaunchScreen.storyboard */,
				B884D34C1DE0DEF50049A1FF /* Info.plist */,
			);
			path = ETLHurtownie;
			sourceTree = "<group>";
		};
		B884D3541DE0DEF50049A1FF /* ETLHurtownieTests */ = {
			isa = PBXGroup;
			children = (
				B884D3551DE0DEF50049A1FF /* ETLHurtownieTests.swift */,
				B884D3571DE0DEF50049A1FF /* Info.plist */,
			);
			path = ETLHurtownieTests;
			sourceTree = "<group>";
		};
		B884D35F1DE0DEF50049A1FF /* ETLHurtownieUITests */ = {
			isa = PBXGroup;
			children = (
				B884D3601DE0DEF50049A1FF /* ETLHurtownieUITests.swift */,
				B884D3621DE0DEF50049A1FF /* Info.plist */,
			);
			path = ETLHurtownieUITests;
			sourceTree = "<group>";
		};
		CDAF2D0CFC35DB95C22369A5 /* Pods */ = {
			isa = PBXGroup;
			children = (
				5AC038C7647CB62CE8A35547 /* Pods-ETLHurtownie.debug.xcconfig */,
				710B542492637FE3C1550719 /* Pods-ETLHurtownie.release.xcconfig */,
			);
			name = Pods;
			sourceTree = "<group>";
		};
		E097720043A904955DFDE139 /* Frameworks */ = {
			isa = PBXGroup;
			children = (
				650E93E8DAF910AE73EE03E9 /* Pods_ETLHurtownie.framework */,
			);
			name = Frameworks;
			sourceTree = "<group>";
		};
/* End PBXGroup section */

/* Begin PBXNativeTarget section */
		B884D33C1DE0DEF50049A1FF /* ETLHurtownie */ = {
			isa = PBXNativeTarget;
			buildConfigurationList = B884D3651DE0DEF50049A1FF /* Build configuration list for PBXNativeTarget "ETLHurtownie" */;
			buildPhases = (
				6FF9F494CBE39136C16C3E53 /* [CP] Check Pods Manifest.lock */,
				B884D3391DE0DEF50049A1FF /* Sources */,
				B884D33A1DE0DEF50049A1FF /* Frameworks */,
				B884D33B1DE0DEF50049A1FF /* Resources */,
				B884D3741DE0E1620049A1FF /* Embed Frameworks */,
				49510451BE23F67246B76C9B /* [CP] Embed Pods Frameworks */,
				DBEB22C530ACE023922C9434 /* [CP] Copy Pods Resources */,
			);
			buildRules = (
			);
			dependencies = (
			);
			name = ETLHurtownie;
			productName = ETLHurtownie;
			productReference = B884D33D1DE0DEF50049A1FF /* ETLHurtownie.app */;
			productType = "com.apple.product-type.application";
		};
		B884D3501DE0DEF50049A1FF /* ETLHurtownieTests */ = {
			isa = PBXNativeTarget;
			buildConfigurationList = B884D3681DE0DEF50049A1FF /* Build configuration list for PBXNativeTarget "ETLHurtownieTests" */;
			buildPhases = (
				B884D34D1DE0DEF50049A1FF /* Sources */,
				B884D34E1DE0DEF50049A1FF /* Frameworks */,
				B884D34F1DE0DEF50049A1FF /* Resources */,
			);
			buildRules = (
			);
			dependencies = (
				B884D3531DE0DEF50049A1FF /* PBXTargetDependency */,
			);
			name = ETLHurtownieTests;
			productName = ETLHurtownieTests;
			productReference = B884D3511DE0DEF50049A1FF /* ETLHurtownieTests.xctest */;
			productType = "com.apple.product-type.bundle.unit-test";
		};
		B884D35B1DE0DEF50049A1FF /* ETLHurtownieUITests */ = {
			isa = PBXNativeTarget;
			buildConfigurationList = B884D36B1DE0DEF50049A1FF /* Build configuration list for PBXNativeTarget "ETLHurtownieUITests" */;
			buildPhases = (
				B884D3581DE0DEF50049A1FF /* Sources */,
				B884D3591DE0DEF50049A1FF /* Frameworks */,
				B884D35A1DE0DEF50049A1FF /* Resources */,
			);
			buildRules = (
			);
			dependencies = (
				B884D35E1DE0DEF50049A1FF /* PBXTargetDependency */,
			);
			name = ETLHurtownieUITests;
			productName = ETLHurtownieUITests;
			productReference = B884D35C1DE0DEF50049A1FF /* ETLHurtownieUITests.xctest */;
			productType = "com.apple.product-type.bundle.ui-testing";
		};
/* End PBXNativeTarget section */

/* Begin PBXProject section */
		B884D3351DE0DEF40049A1FF /* Project object */ = {
			isa = PBXProject;
			attributes = {
				LastSwiftUpdateCheck = 0730;
				LastUpgradeCheck = 0730;
				ORGANIZATIONNAME = ARIOS;
				TargetAttributes = {
					B884D33C1DE0DEF50049A1FF = {
						CreatedOnToolsVersion = 7.3.1;
					};
					B884D3501DE0DEF50049A1FF = {
						CreatedOnToolsVersion = 7.3.1;
						TestTargetID = B884D33C1DE0DEF50049A1FF;
					};
					B884D35B1DE0DEF50049A1FF = {
						CreatedOnToolsVersion = 7.3.1;
						TestTargetID = B884D33C1DE0DEF50049A1FF;
					};
				};
			};
			buildConfigurationList = B884D3381DE0DEF40049A1FF /* Build configuration list for PBXProject "ETLHurtownie" */;
			compatibilityVersion = "Xcode 3.2";
			developmentRegion = English;
			hasScannedForEncodings = 0;
			knownRegions = (
				en,
				Base,
			);
			mainGroup = B884D3341DE0DEF40049A1FF;
			productRefGroup = B884D33E1DE0DEF50049A1FF /* Products */;
			projectDirPath = "";
			projectRoot = "";
			targets = (
				B884D33C1DE0DEF50049A1FF /* ETLHurtownie */,
				B884D3501DE0DEF50049A1FF /* ETLHurtownieTests */,
				B884D35B1DE0DEF50049A1FF /* ETLHurtownieUITests */,
			);
		};
/* End PBXProject section */

/* Begin PBXResourcesBuildPhase section */
		B884D33B1DE0DEF50049A1FF /* Resources */ = {
			isa = PBXResourcesBuildPhase;
			buildActionMask = 2147483647;
			files = (
				B884D34B1DE0DEF50049A1FF /* LaunchScreen.storyboard in Resources */,
				B884D3481DE0DEF50049A1FF /* Assets.xcassets in Resources */,
				B884D3461DE0DEF50049A1FF /* Main.storyboard in Resources */,
			);
			runOnlyForDeploymentPostprocessing = 0;
		};
		B884D34F1DE0DEF50049A1FF /* Resources */ = {
			isa = PBXResourcesBuildPhase;
			buildActionMask = 2147483647;
			files = (
			);
			runOnlyForDeploymentPostprocessing = 0;
		};
		B884D35A1DE0DEF50049A1FF /* Resources */ = {
			isa = PBXResourcesBuildPhase;
			buildActionMask = 2147483647;
			files = (
			);
			runOnlyForDeploymentPostprocessing = 0;
		};
/* End PBXResourcesBuildPhase section */

/* Begin PBXShellScriptBuildPhase section */
		49510451BE23F67246B76C9B /* [CP] Embed Pods Frameworks */ = {
			isa = PBXShellScriptBuildPhase;
			buildActionMask = 2147483647;
			files = (
			);
			inputPaths = (
			);
			name = "[CP] Embed Pods Frameworks";
			outputPaths = (
			);
			runOnlyForDeploymentPostprocessing = 0;
			shellPath = /bin/sh;
			shellScript = "\"${SRCROOT}/Pods/Target Support Files/Pods-ETLHurtownie/Pods-ETLHurtownie-frameworks.sh\"\n";
			showEnvVarsInLog = 0;
		};
		6FF9F494CBE39136C16C3E53 /* [CP] Check Pods Manifest.lock */ = {
			isa = PBXShellScriptBuildPhase;
			buildActionMask = 2147483647;
			files = (
			);
			inputPaths = (
			);
			name = "[CP] Check Pods Manifest.lock";
			outputPaths = (
			);
			runOnlyForDeploymentPostprocessing = 0;
			shellPath = /bin/sh;
			shellScript = "diff \"${PODS_ROOT}/../Podfile.lock\" \"${PODS_ROOT}/Manifest.lock\" > /dev/null\nif [ $? != 0 ] ; then\n    # print error to STDERR\n    echo \"error: The sandbox is not in sync with the Podfile.lock. Run 'pod install' or update your CocoaPods installation.\" >&2\n    exit 1\nfi\n";
			showEnvVarsInLog = 0;
		};
		DBEB22C530ACE023922C9434 /* [CP] Copy Pods Resources */ = {
			isa = PBXShellScriptBuildPhase;
			buildActionMask = 2147483647;
			files = (
			);
			inputPaths = (
			);
			name = "[CP] Copy Pods Resources";
			outputPaths = (
			);
			runOnlyForDeploymentPostprocessing = 0;
			shellPath = /bin/sh;
			shellScript = "\"${SRCROOT}/Pods/Target Support Files/Pods-ETLHurtownie/Pods-ETLHurtownie-resources.sh\"\n";
			showEnvVarsInLog = 0;
		};
/* End PBXShellScriptBuildPhase section */

/* Begin PBXSourcesBuildPhase section */
		B884D3391DE0DEF50049A1FF /* Sources */ = {
			isa = PBXSourcesBuildPhase;
			buildActionMask = 2147483647;
			files = (
				B884D3761DE0EF970049A1FF /* MainViewController.swift in Sources */,
				B884D3781DE0F42D0049A1FF /* ReviewsViewController.swift in Sources */,
				B884D3411DE0DEF50049A1FF /* AppDelegate.swift in Sources */,
			);
			runOnlyForDeploymentPostprocessing = 0;
		};
		B884D34D1DE0DEF50049A1FF /* Sources */ = {
			isa = PBXSourcesBuildPhase;
			buildActionMask = 2147483647;
			files = (
				B884D3561DE0DEF50049A1FF /* ETLHurtownieTests.swift in Sources */,
			);
			runOnlyForDeploymentPostprocessing = 0;
		};
		B884D3581DE0DEF50049A1FF /* Sources */ = {
			isa = PBXSourcesBuildPhase;
			buildActionMask = 2147483647;
			files = (
				B884D3611DE0DEF50049A1FF /* ETLHurtownieUITests.swift in Sources */,
			);
			runOnlyForDeploymentPostprocessing = 0;
		};
/* End PBXSourcesBuildPhase section */

/* Begin PBXTargetDependency section */
		B884D3531DE0DEF50049A1FF /* PBXTargetDependency */ = {
			isa = PBXTargetDependency;
			target = B884D33C1DE0DEF50049A1FF /* ETLHurtownie */;
			targetProxy = B884D3521DE0DEF50049A1FF /* PBXContainerItemProxy */;
		};
		B884D35E1DE0DEF50049A1FF /* PBXTargetDependency */ = {
			isa = PBXTargetDependency;
			target = B884D33C1DE0DEF50049A1FF /* ETLHurtownie */;
			targetProxy = B884D35D1DE0DEF50049A1FF /* PBXContainerItemProxy */;
		};
/* End PBXTargetDependency section */

/* Begin PBXVariantGroup section */
		B884D3441DE0DEF50049A1FF /* Main.storyboard */ = {
			isa = PBXVariantGroup;
			children = (
				B884D3451DE0DEF50049A1FF /* Base */,
			);
			name = Main.storyboard;
			sourceTree = "<group>";
		};
		B884D3491DE0DEF50049A1FF /* LaunchScreen.storyboard */ = {
			isa = PBXVariantGroup;
			children = (
				B884D34A1DE0DEF50049A1FF /* Base */,
			);
			name = LaunchScreen.storyboard;
			sourceTree = "<group>";
		};
/* End PBXVariantGroup section */

/* Begin XCBuildConfiguration section */
		B884D3631DE0DEF50049A1FF /* Debug */ = {
			isa = XCBuildConfiguration;
			buildSettings = {
				ALWAYS_SEARCH_USER_PATHS = NO;
				CLANG_ANALYZER_NONNULL = YES;
				CLANG_CXX_LANGUAGE_STANDARD = "gnu++0x";
				CLANG_CXX_LIBRARY = "libc++";
				CLANG_ENABLE_MODULES = YES;
				CLANG_ENABLE_OBJC_ARC = YES;
				CLANG_WARN_BOOL_CONVERSION = YES;
				CLANG_WARN_CONSTANT_CONVERSION = YES;
				CLANG_WARN_DIRECT_OBJC_ISA_USAGE = YES_ERROR;
				CLANG_WARN_EMPTY_BODY = YES;
				CLANG_WARN_ENUM_CONVERSION = YES;
				CLANG_WARN_INT_CONVERSION = YES;
				CLANG_WARN_OBJC_ROOT_CLASS = YES_ERROR;
				CLANG_WARN_UNREACHABLE_CODE = YES;
				CLANG_WARN__DUPLICATE_METHOD_MATCH = YES;
				"CODE_SIGN_IDENTITY[sdk=iphoneos*]" = "iPhone Developer";
				COPY_PHASE_STRIP = NO;
				DEBUG_INFORMATION_FORMAT = dwarf;
				ENABLE_STRICT_OBJC_MSGSEND = YES;
				ENABLE_TESTABILITY = YES;
				GCC_C_LANGUAGE_STANDARD = gnu99;
				GCC_DYNAMIC_NO_PIC = NO;
				GCC_NO_COMMON_BLOCKS = YES;
				GCC_OPTIMIZATION_LEVEL = 0;
				GCC_PREPROCESSOR_DEFINITIONS = (
					"DEBUG=1",
					"$(inherited)",
				);
				GCC_WARN_64_TO_32_BIT_CONVERSION = YES;
				GCC_WARN_ABOUT_RETURN_TYPE = YES_ERROR;
				GCC_WARN_UNDECLARED_SELECTOR = YES;
				GCC_WARN_UNINITIALIZED_AUTOS = YES_AGGRESSIVE;
				GCC_WARN_UNUSED_FUNCTION = YES;
				GCC_WARN_UNUSED_VARIABLE = YES;
				IPHONEOS_DEPLOYMENT_TARGET = 9.3;
				MTL_ENABLE_DEBUG_INFO = YES;
				ONLY_ACTIVE_ARCH = YES;
				SDKROOT = iphoneos;
				SWIFT_OPTIMIZATION_LEVEL = "-Onone";
				TARGETED_DEVICE_FAMILY = "1,2";
			};
			name = Debug;
		};
		B884D3641DE0DEF50049A1FF /* Release */ = {
			isa = XCBuildConfiguration;
			buildSettings = {
				ALWAYS_SEARCH_USER_PATHS = NO;
				CLANG_ANALYZER_NONNULL = YES;
				CLANG_CXX_LANGUAGE_STANDARD = "gnu++0x";
				CLANG_CXX_LIBRARY = "libc++";
				CLANG_ENABLE_MODULES = YES;
				CLANG_ENABLE_OBJC_ARC = YES;
				CLANG_WARN_BOOL_CONVERSION = YES;
				CLANG_WARN_CONSTANT_CONVERSION = YES;
				CLANG_WARN_DIRECT_OBJC_ISA_USAGE = YES_ERROR;
				CLANG_WARN_EMPTY_BODY = YES;
				CLANG_WARN_ENUM_CONVERSION = YES;
				CLANG_WARN_INT_CONVERSION = YES;
				CLANG_WARN_OBJC_ROOT_CLASS = YES_ERROR;
				CLANG_WARN_UNREACHABLE_CODE = YES;
				CLANG_WARN__DUPLICATE_METHOD_MATCH = YES;
				"CODE_SIGN_IDENTITY[sdk=iphoneos*]" = "iPhone Developer";
				COPY_PHASE_STRIP = NO;
				DEBUG_INFORMATION_FORMAT = "dwarf-with-dsym";
				ENABLE_NS_ASSERTIONS = NO;
				ENABLE_STRICT_OBJC_MSGSEND = YES;
				GCC_C_LANGUAGE_STANDARD = gnu99;
				GCC_NO_COMMON_BLOCKS = YES;
				GCC_WARN_64_TO_32_BIT_CONVERSION = YES;
				GCC_WARN_ABOUT_RETURN_TYPE = YES_ERROR;
				GCC_WARN_UNDECLARED_SELECTOR = YES;
				GCC_WARN_UNINITIALIZED_AUTOS = YES_AGGRESSIVE;
				GCC_WARN_UNUSED_FUNCTION = YES;
				GCC_WARN_UNUSED_VARIABLE = YES;
				IPHONEOS_DEPLOYMENT_TARGET = 9.3;
				MTL_ENABLE_DEBUG_INFO = NO;
				SDKROOT = iphoneos;
				TARGETED_DEVICE_FAMILY = "1,2";
				VALIDATE_PRODUCT = YES;
			};
			name = Release;
		};
		B884D3661DE0DEF50049A1FF /* Debug */ = {
			isa = XCBuildConfiguration;
			baseConfigurationReference = 5AC038C7647CB62CE8A35547 /* Pods-ETLHurtownie.debug.xcconfig */;
			buildSettings = {
				ASSETCATALOG_COMPILER_APPICON_NAME = AppIcon;
				FRAMEWORK_SEARCH_PATHS = (
					"$(inherited)",
					"$(PROJECT_DIR)",
				);
				INFOPLIST_FILE = ETLHurtownie/Info.plist;
				LD_RUNPATH_SEARCH_PATHS = "$(inherited) @executable_path/Frameworks";
				PRODUCT_BUNDLE_IDENTIFIER = ARIOS.ETLHurtownie;
				PRODUCT_NAME = "$(TARGET_NAME)";
			};
			name = Debug;
		};
		B884D3671DE0DEF50049A1FF /* Release */ = {
			isa = XCBuildConfiguration;
			baseConfigurationReference = 710B542492637FE3C1550719 /* Pods-ETLHurtownie.release.xcconfig */;
			buildSettings = {
				ASSETCATALOG_COMPILER_APPICON_NAME = AppIcon;
				FRAMEWORK_SEARCH_PATHS = (
					"$(inherited)",
					"$(PROJECT_DIR)",
				);
				INFOPLIST_FILE = ETLHurtownie/Info.plist;
				LD_RUNPATH_SEARCH_PATHS = "$(inherited) @executable_path/Frameworks";
				PRODUCT_BUNDLE_IDENTIFIER = ARIOS.ETLHurtownie;
				PRODUCT_NAME = "$(TARGET_NAME)";
			};
			name = Release;
		};
		B884D3691DE0DEF50049A1FF /* Debug */ = {
			isa = XCBuildConfiguration;
			buildSettings = {
				BUNDLE_LOADER = "$(TEST_HOST)";
				INFOPLIST_FILE = ETLHurtownieTests/Info.plist;
				LD_RUNPATH_SEARCH_PATHS = "$(inherited) @executable_path/Frameworks @loader_path/Frameworks";
				PRODUCT_BUNDLE_IDENTIFIER = ARIOS.ETLHurtownieTests;
				PRODUCT_NAME = "$(TARGET_NAME)";
				TEST_HOST = "$(BUILT_PRODUCTS_DIR)/ETLHurtownie.app/ETLHurtownie";
			};
			name = Debug;
		};
		B884D36A1DE0DEF50049A1FF /* Release */ = {
			isa = XCBuildConfiguration;
			buildSettings = {
				BUNDLE_LOADER = "$(TEST_HOST)";
				INFOPLIST_FILE = ETLHurtownieTests/Info.plist;
				LD_RUNPATH_SEARCH_PATHS = "$(inherited) @executable_path/Frameworks @loader_path/Frameworks";
				PRODUCT_BUNDLE_IDENTIFIER = ARIOS.ETLHurtownieTests;
				PRODUCT_NAME = "$(TARGET_NAME)";
				TEST_HOST = "$(BUILT_PRODUCTS_DIR)/ETLHurtownie.app/ETLHurtownie";
			};
			name = Release;
		};
		B884D36C1DE0DEF50049A1FF /* Debug */ = {
			isa = XCBuildConfiguration;
			buildSettings = {
				INFOPLIST_FILE = ETLHurtownieUITests/Info.plist;
				LD_RUNPATH_SEARCH_PATHS = "$(inherited) @executable_path/Frameworks @loader_path/Frameworks";
				PRODUCT_BUNDLE_IDENTIFIER = ARIOS.ETLHurtownieUITests;
				PRODUCT_NAME = "$(TARGET_NAME)";
				TEST_TARGET_NAME = ETLHurtownie;
			};
			name = Debug;
		};
		B884D36D1DE0DEF50049A1FF /* Release */ = {
			isa = XCBuildConfiguration;
			buildSettings = {
				INFOPLIST_FILE = ETLHurtownieUITests/Info.plist;
				LD_RUNPATH_SEARCH_PATHS = "$(inherited) @executable_path/Frameworks @loader_path/Frameworks";
				PRODUCT_BUNDLE_IDENTIFIER = ARIOS.ETLHurtownieUITests;
				PRODUCT_NAME = "$(TARGET_NAME)";
				TEST_TARGET_NAME = ETLHurtownie;
			};
			name = Release;
		};
/* End XCBuildConfiguration section */

/* Begin XCConfigurationList section */
		B884D3381DE0DEF40049A1FF /* Build configuration list for PBXProject "ETLHurtownie" */ = {
			isa = XCConfigurationList;
			buildConfigurations = (
				B884D3631DE0DEF50049A1FF /* Debug */,
				B884D3641DE0DEF50049A1FF /* Release */,
			);
			defaultConfigurationIsVisible = 0;
			defaultConfigurationName = Release;
		};
		B884D3651DE0DEF50049A1FF /* Build configuration list for PBXNativeTarget "ETLHurtownie" */ = {
			isa = XCConfigurationList;
			buildConfigurations = (
				B884D3661DE0DEF50049A1FF /* Debug */,
				B884D3671DE0DEF50049A1FF /* Release */,
			);
			defaultConfigurationIsVisible = 0;
			defaultConfigurationName = Release;
		};
		B884D3681DE0DEF50049A1FF /* Build configuration list for PBXNativeTarget "ETLHurtownieTests" */ = {
			isa = XCConfigurationList;
			buildConfigurations = (
				B884D3691DE0DEF50049A1FF /* Debug */,
				B884D36A1DE0DEF50049A1FF /* Release */,
			);
			defaultConfigurationIsVisible = 0;
			defaultConfigurationName = Release;
		};
		B884D36B1DE0DEF50049A1FF /* Build configuration list for PBXNativeTarget "ETLHurtownieUITests" */ = {
			isa = XCConfigurationList;
			buildConfigurations = (
				B884D36C1DE0DEF50049A1FF /* Debug */,
				B884D36D1DE0DEF50049A1FF /* Release */,
			);
			defaultConfigurationIsVisible = 0;
			defaultConfigurationName = Release;
		};
/* End XCConfigurationList section */
	};
	rootObject = B884D3351DE0DEF40049A1FF /* Project object */;
}
